
Microsoft Visual Studio Solution File, Format Version 12.00
# Visual Studio Version 17
VisualStudioVersion = 17.5.33414.496
MinimumVisualStudioVersion = 10.0.40219.1
Project("{9A19103F-16F7-4668-BE54-9A1E7A4F7556}") = "PresentationLayer", "PresentationLayer\PresentationLayer.csproj", "{C9E36248-EA43-4E02-B1BD-519A5337A416}"
EndProject
Project("{9A19103F-16F7-4668-BE54-9A1E7A4F7556}") = "DAL", "DataAccessLayer\DAL.csproj", "{DE7C5DCC-F3D3-4909-A3B6-583277360388}"
EndProject
Project("{9A19103F-16F7-4668-BE54-9A1E7A4F7556}") = "BAL", "BusinessAccessLayer\BAL.csproj", "{3609BB26-DB31-4093-9014-4D96D26E0775}"
EndProject
Project("{2150E333-8FDC-42A3-9474-1A3956D46DE8}") = "Solution Items", "Solution Items", "{A4D95CDB-B13A-4277-BD2E-72E911715F63}"
	ProjectSection(SolutionItems) = preProject
		Dockerfile = Dockerfile
	EndProjectSection
EndProject
Global
	GlobalSection(SolutionConfigurationPlatforms) = preSolution
		Debug|Any CPU = Debug|Any CPU
		Release|Any CPU = Release|Any CPU
	EndGlobalSection
	GlobalSection(ProjectConfigurationPlatforms) = postSolution
		{C9E36248-EA43-4E02-B1BD-519A5337A416}.Debug|Any CPU.ActiveCfg = Debug|Any CPU
		{C9E36248-EA43-4E02-B1BD-519A5337A416}.Debug|Any CPU.Build.0 = Debug|Any CPU
		{C9E36248-EA43-4E02-B1BD-519A5337A416}.Release|Any CPU.ActiveCfg = Release|Any CPU
		{C9E36248-EA43-4E02-B1BD-519A5337A416}.Release|Any CPU.Build.0 = Release|Any CPU
		{DE7C5DCC-F3D3-4909-A3B6-583277360388}.Debug|Any CPU.ActiveCfg = Debug|Any CPU
		{DE7C5DCC-F3D3-4909-A3B6-583277360388}.Debug|Any CPU.Build.0 = Debug|Any CPU
		{DE7C5DCC-F3D3-4909-A3B6-583277360388}.Release|Any CPU.ActiveCfg = Release|Any CPU
		{DE7C5DCC-F3D3-4909-A3B6-583277360388}.Release|Any CPU.Build.0 = Release|Any CPU
		{3609BB26-DB31-4093-9014-4D96D26E0775}.Debug|Any CPU.ActiveCfg = Debug|Any CPU
		{3609BB26-DB31-4093-9014-4D96D26E0775}.Debug|Any CPU.Build.0 = Debug|Any CPU
		{3609BB26-DB31-4093-9014-4D96D26E0775}.Release|Any CPU.ActiveCfg = Release|Any CPU
		{3609BB26-DB31-4093-9014-4D96D26E0775}.Release|Any CPU.Build.0 = Release|Any CPU
	EndGlobalSection
	GlobalSection(SolutionProperties) = preSolution
		HideSolutionNode = FALSE
	EndGlobalSection
	GlobalSection(ExtensibilityGlobals) = postSolution
		SolutionGuid = {910E8DEC-A5FB-4872-9F26-B10B060F4C88}
	EndGlobalSection
EndGlobal
