
Microsoft Visual Studio Solution File, Format Version 12.00
# Visual Studio Version 17
VisualStudioVersion = 17.7.34031.279
MinimumVisualStudioVersion = 10.0.40219.1
Project("{9A19103F-16F7-4668-BE54-9A1E7A4F7556}") = "OrdersService.Infrastructure", "OrdersService.Infrastructure\OrdersService.Infrastructure.csproj", "{5AB97D72-784A-4F8B-BC13-D56728073C63}"
EndProject
Project("{9A19103F-16F7-4668-BE54-9A1E7A4F7556}") = "OrdersService.Domain", "OrdersService.Domain\OrdersService.Domain.csproj", "{485B10BA-6C69-4E2D-839E-28C6A37BC006}"
EndProject
Project("{9A19103F-16F7-4668-BE54-9A1E7A4F7556}") = "OrdersService.Application", "OrdersService.Application\OrdersService.Application.csproj", "{28DA72D4-1F86-4D29-92F1-31DB3340AC86}"
EndProject
Project("{FAE04EC0-301F-11D3-BF4B-00C04F79EFBC}") = "OrdersService.API", "OrdersService.API\OrdersService.API.csproj", "{0ADCF2AB-A114-4599-AA95-DF39ED889CC4}"
EndProject
Project("{FAE04EC0-301F-11D3-BF4B-00C04F79EFBC}") = "OrdersService.Presentation", "OrdersService.Presentation\OrdersService.Presentation.csproj", "{9AC7ECD8-BD50-4971-8256-D064D86A4FB5}"
EndProject
Global
	GlobalSection(SolutionConfigurationPlatforms) = preSolution
		Debug|Any CPU = Debug|Any CPU
		Release|Any CPU = Release|Any CPU
	EndGlobalSection
	GlobalSection(ProjectConfigurationPlatforms) = postSolution
		{5AB97D72-784A-4F8B-BC13-D56728073C63}.Debug|Any CPU.ActiveCfg = Debug|Any CPU
		{5AB97D72-784A-4F8B-BC13-D56728073C63}.Debug|Any CPU.Build.0 = Debug|Any CPU
		{5AB97D72-784A-4F8B-BC13-D56728073C63}.Release|Any CPU.ActiveCfg = Release|Any CPU
		{5AB97D72-784A-4F8B-BC13-D56728073C63}.Release|Any CPU.Build.0 = Release|Any CPU
		{485B10BA-6C69-4E2D-839E-28C6A37BC006}.Debug|Any CPU.ActiveCfg = Debug|Any CPU
		{485B10BA-6C69-4E2D-839E-28C6A37BC006}.Debug|Any CPU.Build.0 = Debug|Any CPU
		{485B10BA-6C69-4E2D-839E-28C6A37BC006}.Release|Any CPU.ActiveCfg = Release|Any CPU
		{485B10BA-6C69-4E2D-839E-28C6A37BC006}.Release|Any CPU.Build.0 = Release|Any CPU
		{28DA72D4-1F86-4D29-92F1-31DB3340AC86}.Debug|Any CPU.ActiveCfg = Debug|Any CPU
		{28DA72D4-1F86-4D29-92F1-31DB3340AC86}.Debug|Any CPU.Build.0 = Debug|Any CPU
		{28DA72D4-1F86-4D29-92F1-31DB3340AC86}.Release|Any CPU.ActiveCfg = Release|Any CPU
		{28DA72D4-1F86-4D29-92F1-31DB3340AC86}.Release|Any CPU.Build.0 = Release|Any CPU
		{0ADCF2AB-A114-4599-AA95-DF39ED889CC4}.Debug|Any CPU.ActiveCfg = Debug|Any CPU
		{0ADCF2AB-A114-4599-AA95-DF39ED889CC4}.Debug|Any CPU.Build.0 = Debug|Any CPU
		{0ADCF2AB-A114-4599-AA95-DF39ED889CC4}.Release|Any CPU.ActiveCfg = Release|Any CPU
		{0ADCF2AB-A114-4599-AA95-DF39ED889CC4}.Release|Any CPU.Build.0 = Release|Any CPU
		{9AC7ECD8-BD50-4971-8256-D064D86A4FB5}.Debug|Any CPU.ActiveCfg = Debug|Any CPU
		{9AC7ECD8-BD50-4971-8256-D064D86A4FB5}.Debug|Any CPU.Build.0 = Debug|Any CPU
		{9AC7ECD8-BD50-4971-8256-D064D86A4FB5}.Release|Any CPU.ActiveCfg = Release|Any CPU
		{9AC7ECD8-BD50-4971-8256-D064D86A4FB5}.Release|Any CPU.Build.0 = Release|Any CPU
	EndGlobalSection
	GlobalSection(SolutionProperties) = preSolution
		HideSolutionNode = FALSE
	EndGlobalSection
	GlobalSection(ExtensibilityGlobals) = postSolution
		SolutionGuid = {AA95E07D-D39F-4BFA-BA12-75A81898DF08}
	EndGlobalSection
EndGlobal
